
Microsoft Visual Studio Solution File, Format Version 12.00
# Visual Studio Version 17
VisualStudioVersion = 17.0.31903.59
MinimumVisualStudioVersion = 10.0.40219.1
Project("{FAE04EC0-301F-11D3-BF4B-00C04F79EFBC}") = "MvcIntro", "MvcIntro\MvcIntro.csproj", "{1E6014E3-5C1B-4AF1-8CE6-FB0ED06DF012}"
EndProject
Global
	GlobalSection(SolutionConfigurationPlatforms) = preSolution
		Debug|Any CPU = Debug|Any CPU
		Release|Any CPU = Release|Any CPU
	EndGlobalSection
	GlobalSection(ProjectConfigurationPlatforms) = postSolution
		{1E6014E3-5C1B-4AF1-8CE6-FB0ED06DF012}.Debug|Any CPU.ActiveCfg = Debug|Any CPU
		{1E6014E3-5C1B-4AF1-8CE6-FB0ED06DF012}.Debug|Any CPU.Build.0 = Debug|Any CPU
		{1E6014E3-5C1B-4AF1-8CE6-FB0ED06DF012}.Release|Any CPU.ActiveCfg = Release|Any CPU
		{1E6014E3-5C1B-4AF1-8CE6-FB0ED06DF012}.Release|Any CPU.Build.0 = Release|Any CPU
	EndGlobalSection
	GlobalSection(SolutionProperties) = preSolution
		HideSolutionNode = FALSE
	EndGlobalSection
	GlobalSection(ExtensibilityGlobals) = postSolution
		SolutionGuid = {6A5B1F52-3B50-4021-9296-DDF12205E522}
	EndGlobalSection
EndGlobal
